
Microsoft Visual Studio Solution File, Format Version 12.00
# Visual Studio Version 17
VisualStudioVersion = 17.4.33403.182
MinimumVisualStudioVersion = 10.0.40219.1
Project("{FAE04EC0-301F-11D3-BF4B-00C04F79EFBC}") = "Farmer_Representive_Final_Project(DB)", "Farmer_Representive_Final_Project(DB).csproj", "{089BED4F-3C82-43DD-9A4D-887A0134DE6E}"
EndProject
Global
	GlobalSection(SolutionConfigurationPlatforms) = preSolution
		Debug|Any CPU = Debug|Any CPU
		Release|Any CPU = Release|Any CPU
	EndGlobalSection
	GlobalSection(ProjectConfigurationPlatforms) = postSolution
		{089BED4F-3C82-43DD-9A4D-887A0134DE6E}.Debug|Any CPU.ActiveCfg = Debug|Any CPU
		{089BED4F-3C82-43DD-9A4D-887A0134DE6E}.Debug|Any CPU.Build.0 = Debug|Any CPU
		{089BED4F-3C82-43DD-9A4D-887A0134DE6E}.Release|Any CPU.ActiveCfg = Release|Any CPU
		{089BED4F-3C82-43DD-9A4D-887A0134DE6E}.Release|Any CPU.Build.0 = Release|Any CPU
	EndGlobalSection
	GlobalSection(SolutionProperties) = preSolution
		HideSolutionNode = FALSE
	EndGlobalSection
	GlobalSection(ExtensibilityGlobals) = postSolution
		SolutionGuid = {11EAAD5C-6FA6-4C87-8182-990ABFEDF08E}
	EndGlobalSection
EndGlobal
