
Microsoft Visual Studio Solution File, Format Version 12.00
# Visual Studio Version 17
VisualStudioVersion = 17.5.33424.131
MinimumVisualStudioVersion = 10.0.40219.1
Project("{FAE04EC0-301F-11D3-BF4B-00C04F79EFBC}") = "DB_Project_Final", "DB_Project_Final\DB_Project_Final.csproj", "{A9C77AEE-D33B-4611-B03C-3E72326EC688}"
EndProject
Global
	GlobalSection(SolutionConfigurationPlatforms) = preSolution
		Debug|Any CPU = Debug|Any CPU
		Release|Any CPU = Release|Any CPU
	EndGlobalSection
	GlobalSection(ProjectConfigurationPlatforms) = postSolution
		{A9C77AEE-D33B-4611-B03C-3E72326EC688}.Debug|Any CPU.ActiveCfg = Debug|Any CPU
		{A9C77AEE-D33B-4611-B03C-3E72326EC688}.Debug|Any CPU.Build.0 = Debug|Any CPU
		{A9C77AEE-D33B-4611-B03C-3E72326EC688}.Release|Any CPU.ActiveCfg = Release|Any CPU
		{A9C77AEE-D33B-4611-B03C-3E72326EC688}.Release|Any CPU.Build.0 = Release|Any CPU
	EndGlobalSection
	GlobalSection(SolutionProperties) = preSolution
		HideSolutionNode = FALSE
	EndGlobalSection
	GlobalSection(ExtensibilityGlobals) = postSolution
		SolutionGuid = {2FA70161-010B-439A-91C1-20B2E0A625ED}
	EndGlobalSection
EndGlobal
